
Microsoft Visual Studio Solution File, Format Version 12.00
# Visual Studio Version 16
VisualStudioVersion = 16.0.34407.143
MinimumVisualStudioVersion = 10.0.40219.1
Project("{FAE04EC0-301F-11D3-BF4B-00C04F79EFBC}") = "Temperatura", "Temperatura\Temperatura.csproj", "{975B6B20-9B71-4B89-AF4C-9E680004BA6E}"
EndProject
Global
	GlobalSection(SolutionConfigurationPlatforms) = preSolution
		Debug|Any CPU = Debug|Any CPU
		Release|Any CPU = Release|Any CPU
	EndGlobalSection
	GlobalSection(ProjectConfigurationPlatforms) = postSolution
		{975B6B20-9B71-4B89-AF4C-9E680004BA6E}.Debug|Any CPU.ActiveCfg = Debug|Any CPU
		{975B6B20-9B71-4B89-AF4C-9E680004BA6E}.Debug|Any CPU.Build.0 = Debug|Any CPU
		{975B6B20-9B71-4B89-AF4C-9E680004BA6E}.Release|Any CPU.ActiveCfg = Release|Any CPU
		{975B6B20-9B71-4B89-AF4C-9E680004BA6E}.Release|Any CPU.Build.0 = Release|Any CPU
	EndGlobalSection
	GlobalSection(SolutionProperties) = preSolution
		HideSolutionNode = FALSE
	EndGlobalSection
	GlobalSection(ExtensibilityGlobals) = postSolution
		SolutionGuid = {7BC5C6BF-7C0E-4251-98A2-3C099632A6C0}
	EndGlobalSection
EndGlobal
